// !$*UTF8*$!
{
	archiveVersion = 1;
	classes = {
	};
	objectVersion = 56;
	objects = {

/* Begin PBXBuildFile section */
		2A42391B2A9E388100CA6A3C /* AppDelegate.swift in Sources */ = {isa = PBXBuildFile; fileRef = 2A42391A2A9E388100CA6A3C /* AppDelegate.swift */; };
		2A42391D2A9E388100CA6A3C /* SceneDelegate.swift in Sources */ = {isa = PBXBuildFile; fileRef = 2A42391C2A9E388100CA6A3C /* SceneDelegate.swift */; };
		2A42391F2A9E388100CA6A3C /* ViewController.swift in Sources */ = {isa = PBXBuildFile; fileRef = 2A42391E2A9E388100CA6A3C /* ViewController.swift */; };
		2A4239222A9E388100CA6A3C /* Main.storyboard in Resources */ = {isa = PBXBuildFile; fileRef = 2A4239202A9E388100CA6A3C /* Main.storyboard */; };
		2A4239252A9E388100CA6A3C /* getInfoNotes.xcdatamodeld in Sources */ = {isa = PBXBuildFile; fileRef = 2A4239232A9E388100CA6A3C /* getInfoNotes.xcdatamodeld */; };
		2A4239272A9E388300CA6A3C /* Assets.xcassets in Resources */ = {isa = PBXBuildFile; fileRef = 2A4239262A9E388300CA6A3C /* Assets.xcassets */; };
		2A42392A2A9E388300CA6A3C /* LaunchScreen.storyboard in Resources */ = {isa = PBXBuildFile; fileRef = 2A4239282A9E388300CA6A3C /* LaunchScreen.storyboard */; };
		2A4239352A9E388300CA6A3C /* getInfoNotesTests.swift in Sources */ = {isa = PBXBuildFile; fileRef = 2A4239342A9E388300CA6A3C /* getInfoNotesTests.swift */; };
		2A42393F2A9E388300CA6A3C /* getInfoNotesUITests.swift in Sources */ = {isa = PBXBuildFile; fileRef = 2A42393E2A9E388300CA6A3C /* getInfoNotesUITests.swift */; };
		2A4239412A9E388300CA6A3C /* getInfoNotesUITestsLaunchTests.swift in Sources */ = {isa = PBXBuildFile; fileRef = 2A4239402A9E388300CA6A3C /* getInfoNotesUITestsLaunchTests.swift */; };
/* End PBXBuildFile section */

/* Begin PBXContainerItemProxy section */
		2A4239312A9E388300CA6A3C /* PBXContainerItemProxy */ = {
			isa = PBXContainerItemProxy;
			containerPortal = 2A42390F2A9E388100CA6A3C /* Project object */;
			proxyType = 1;
			remoteGlobalIDString = 2A4239162A9E388100CA6A3C;
			remoteInfo = getInfoNotes;
		};
		2A42393B2A9E388300CA6A3C /* PBXContainerItemProxy */ = {
			isa = PBXContainerItemProxy;
			containerPortal = 2A42390F2A9E388100CA6A3C /* Project object */;
			proxyType = 1;
			remoteGlobalIDString = 2A4239162A9E388100CA6A3C;
			remoteInfo = getInfoNotes;
		};
/* End PBXContainerItemProxy section */

/* Begin PBXFileReference section */
		2A4239172A9E388100CA6A3C /* getInfoNotes.app */ = {isa = PBXFileReference; explicitFileType = wrapper.application; includeInIndex = 0; path = getInfoNotes.app; sourceTree = BUILT_PRODUCTS_DIR; };
		2A42391A2A9E388100CA6A3C /* AppDelegate.swift */ = {isa = PBXFileReference; lastKnownFileType = sourcecode.swift; path = AppDelegate.swift; sourceTree = "<group>"; };
		2A42391C2A9E388100CA6A3C /* SceneDelegate.swift */ = {isa = PBXFileReference; lastKnownFileType = sourcecode.swift; path = SceneDelegate.swift; sourceTree = "<group>"; };
		2A42391E2A9E388100CA6A3C /* ViewController.swift */ = {isa = PBXFileReference; lastKnownFileType = sourcecode.swift; path = ViewController.swift; sourceTree = "<group>"; };
		2A4239212A9E388100CA6A3C /* Base */ = {isa = PBXFileReference; lastKnownFileType = file.storyboard; name = Base; path = Base.lproj/Main.storyboard; sourceTree = "<group>"; };
		2A4239242A9E388100CA6A3C /* getInfoNotes.xcdatamodel */ = {isa = PBXFileReference; lastKnownFileType = wrapper.xcdatamodel; path = getInfoNotes.xcdatamodel; sourceTree = "<group>"; };
		2A4239262A9E388300CA6A3C /* Assets.xcassets */ = {isa = PBXFileReference; lastKnownFileType = folder.assetcatalog; path = Assets.xcassets; sourceTree = "<group>"; };
		2A4239292A9E388300CA6A3C /* Base */ = {isa = PBXFileReference; lastKnownFileType = file.storyboard; name = Base; path = Base.lproj/LaunchScreen.storyboard; sourceTree = "<group>"; };
		2A42392B2A9E388300CA6A3C /* Info.plist */ = {isa = PBXFileReference; lastKnownFileType = text.plist.xml; path = Info.plist; sourceTree = "<group>"; };
		2A4239302A9E388300CA6A3C /* getInfoNotesTests.xctest */ = {isa = PBXFileReference; explicitFileType = wrapper.cfbundle; includeInIndex = 0; path = getInfoNotesTests.xctest; sourceTree = BUILT_PRODUCTS_DIR; };
		2A4239342A9E388300CA6A3C /* getInfoNotesTests.swift */ = {isa = PBXFileReference; lastKnownFileType = sourcecode.swift; path = getInfoNotesTests.swift; sourceTree = "<group>"; };
		2A42393A2A9E388300CA6A3C /* getInfoNotesUITests.xctest */ = {isa = PBXFileReference; explicitFileType = wrapper.cfbundle; includeInIndex = 0; path = getInfoNotesUITests.xctest; sourceTree = BUILT_PRODUCTS_DIR; };
		2A42393E2A9E388300CA6A3C /* getInfoNotesUITests.swift */ = {isa = PBXFileReference; lastKnownFileType = sourcecode.swift; path = getInfoNotesUITests.swift; sourceTree = "<group>"; };
		2A4239402A9E388300CA6A3C /* getInfoNotesUITestsLaunchTests.swift */ = {isa = PBXFileReference; lastKnownFileType = sourcecode.swift; path = getInfoNotesUITestsLaunchTests.swift; sourceTree = "<group>"; };
/* End PBXFileReference section */

/* Begin PBXFrameworksBuildPhase section */
		2A4239142A9E388100CA6A3C /* Frameworks */ = {
			isa = PBXFrameworksBuildPhase;
			buildActionMask = 2147483647;
			files = (
			);
			runOnlyForDeploymentPostprocessing = 0;
		};
		2A42392D2A9E388300CA6A3C /* Frameworks */ = {
			isa = PBXFrameworksBuildPhase;
			buildActionMask = 2147483647;
			files = (
			);
			runOnlyForDeploymentPostprocessing = 0;
		};
		2A4239372A9E388300CA6A3C /* Frameworks */ = {
			isa = PBXFrameworksBuildPhase;
			buildActionMask = 2147483647;
			files = (
			);
			runOnlyForDeploymentPostprocessing = 0;
		};
/* End PBXFrameworksBuildPhase section */

/* Begin PBXGroup section */
		2A42390E2A9E388100CA6A3C = {
			isa = PBXGroup;
			children = (
				2A4239192A9E388100CA6A3C /* getInfoNotes */,
				2A4239332A9E388300CA6A3C /* getInfoNotesTests */,
				2A42393D2A9E388300CA6A3C /* getInfoNotesUITests */,
				2A4239182A9E388100CA6A3C /* Products */,
			);
			sourceTree = "<group>";
		};
		2A4239182A9E388100CA6A3C /* Products */ = {
			isa = PBXGroup;
			children = (
				2A4239172A9E388100CA6A3C /* getInfoNotes.app */,
				2A4239302A9E388300CA6A3C /* getInfoNotesTests.xctest */,
				2A42393A2A9E388300CA6A3C /* getInfoNotesUITests.xctest */,
			);
			name = Products;
			sourceTree = "<group>";
		};
		2A4239192A9E388100CA6A3C /* getInfoNotes */ = {
			isa = PBXGroup;
			children = (
				2A42391A2A9E388100CA6A3C /* AppDelegate.swift */,
				2A42391C2A9E388100CA6A3C /* SceneDelegate.swift */,
				2A42391E2A9E388100CA6A3C /* ViewController.swift */,
				2A4239202A9E388100CA6A3C /* Main.storyboard */,
				2A4239262A9E388300CA6A3C /* Assets.xcassets */,
				2A4239282A9E388300CA6A3C /* LaunchScreen.storyboard */,
				2A42392B2A9E388300CA6A3C /* Info.plist */,
				2A4239232A9E388100CA6A3C /* getInfoNotes.xcdatamodeld */,
			);
			path = getInfoNotes;
			sourceTree = "<group>";
		};
		2A4239332A9E388300CA6A3C /* getInfoNotesTests */ = {
			isa = PBXGroup;
			children = (
				2A4239342A9E388300CA6A3C /* getInfoNotesTests.swift */,
			);
			path = getInfoNotesTests;
			sourceTree = "<group>";
		};
		2A42393D2A9E388300CA6A3C /* getInfoNotesUITests */ = {
			isa = PBXGroup;
			children = (
				2A42393E2A9E388300CA6A3C /* getInfoNotesUITests.swift */,
				2A4239402A9E388300CA6A3C /* getInfoNotesUITestsLaunchTests.swift */,
			);
			path = getInfoNotesUITests;
			sourceTree = "<group>";
		};
/* End PBXGroup section */

/* Begin PBXNativeTarget section */
		2A4239162A9E388100CA6A3C /* getInfoNotes */ = {
			isa = PBXNativeTarget;
			buildConfigurationList = 2A4239442A9E388300CA6A3C /* Build configuration list for PBXNativeTarget "getInfoNotes" */;
			buildPhases = (
				2A4239132A9E388100CA6A3C /* Sources */,
				2A4239142A9E388100CA6A3C /* Frameworks */,
				2A4239152A9E388100CA6A3C /* Resources */,
			);
			buildRules = (
			);
			dependencies = (
			);
			name = getInfoNotes;
			productName = getInfoNotes;
			productReference = 2A4239172A9E388100CA6A3C /* getInfoNotes.app */;
			productType = "com.apple.product-type.application";
		};
		2A42392F2A9E388300CA6A3C /* getInfoNotesTests */ = {
			isa = PBXNativeTarget;
			buildConfigurationList = 2A4239472A9E388300CA6A3C /* Build configuration list for PBXNativeTarget "getInfoNotesTests" */;
			buildPhases = (
				2A42392C2A9E388300CA6A3C /* Sources */,
				2A42392D2A9E388300CA6A3C /* Frameworks */,
				2A42392E2A9E388300CA6A3C /* Resources */,
			);
			buildRules = (
			);
			dependencies = (
				2A4239322A9E388300CA6A3C /* PBXTargetDependency */,
			);
			name = getInfoNotesTests;
			productName = getInfoNotesTests;
			productReference = 2A4239302A9E388300CA6A3C /* getInfoNotesTests.xctest */;
			productType = "com.apple.product-type.bundle.unit-test";
		};
		2A4239392A9E388300CA6A3C /* getInfoNotesUITests */ = {
			isa = PBXNativeTarget;
			buildConfigurationList = 2A42394A2A9E388300CA6A3C /* Build configuration list for PBXNativeTarget "getInfoNotesUITests" */;
			buildPhases = (
				2A4239362A9E388300CA6A3C /* Sources */,
				2A4239372A9E388300CA6A3C /* Frameworks */,
				2A4239382A9E388300CA6A3C /* Resources */,
			);
			buildRules = (
			);
			dependencies = (
				2A42393C2A9E388300CA6A3C /* PBXTargetDependency */,
			);
			name = getInfoNotesUITests;
			productName = getInfoNotesUITests;
			productReference = 2A42393A2A9E388300CA6A3C /* getInfoNotesUITests.xctest */;
			productType = "com.apple.product-type.bundle.ui-testing";
		};
/* End PBXNativeTarget section */

/* Begin PBXProject section */
		2A42390F2A9E388100CA6A3C /* Project object */ = {
			isa = PBXProject;
			attributes = {
				BuildIndependentTargetsInParallel = 1;
				LastSwiftUpdateCheck = 1430;
				LastUpgradeCheck = 1430;
				TargetAttributes = {
					2A4239162A9E388100CA6A3C = {
						CreatedOnToolsVersion = 14.3.1;
					};
					2A42392F2A9E388300CA6A3C = {
						CreatedOnToolsVersion = 14.3.1;
						TestTargetID = 2A4239162A9E388100CA6A3C;
					};
					2A4239392A9E388300CA6A3C = {
						CreatedOnToolsVersion = 14.3.1;
						TestTargetID = 2A4239162A9E388100CA6A3C;
					};
				};
			};
			buildConfigurationList = 2A4239122A9E388100CA6A3C /* Build configuration list for PBXProject "getInfoNotes" */;
			compatibilityVersion = "Xcode 14.0";
			developmentRegion = en;
			hasScannedForEncodings = 0;
			knownRegions = (
				en,
				Base,
			);
			mainGroup = 2A42390E2A9E388100CA6A3C;
			productRefGroup = 2A4239182A9E388100CA6A3C /* Products */;
			projectDirPath = "";
			projectRoot = "";
			targets = (
				2A4239162A9E388100CA6A3C /* getInfoNotes */,
				2A42392F2A9E388300CA6A3C /* getInfoNotesTests */,
				2A4239392A9E388300CA6A3C /* getInfoNotesUITests */,
			);
		};
/* End PBXProject section */

/* Begin PBXResourcesBuildPhase section */
		2A4239152A9E388100CA6A3C /* Resources */ = {
			isa = PBXResourcesBuildPhase;
			buildActionMask = 2147483647;
			files = (
				2A42392A2A9E388300CA6A3C /* LaunchScreen.storyboard in Resources */,
				2A4239272A9E388300CA6A3C /* Assets.xcassets in Resources */,
				2A4239222A9E388100CA6A3C /* Main.storyboard in Resources */,
			);
			runOnlyForDeploymentPostprocessing = 0;
		};
		2A42392E2A9E388300CA6A3C /* Resources */ = {
			isa = PBXResourcesBuildPhase;
			buildActionMask = 2147483647;
			files = (
			);
			runOnlyForDeploymentPostprocessing = 0;
		};
		2A4239382A9E388300CA6A3C /* Resources */ = {
			isa = PBXResourcesBuildPhase;
			buildActionMask = 2147483647;
			files = (
			);
			runOnlyForDeploymentPostprocessing = 0;
		};
/* End PBXResourcesBuildPhase section */

/* Begin PBXSourcesBuildPhase section */
		2A4239132A9E388100CA6A3C /* Sources */ = {
			isa = PBXSourcesBuildPhase;
			buildActionMask = 2147483647;
			files = (
				2A42391F2A9E388100CA6A3C /* ViewController.swift in Sources */,
				2A42391B2A9E388100CA6A3C /* AppDelegate.swift in Sources */,
				2A4239252A9E388100CA6A3C /* getInfoNotes.xcdatamodeld in Sources */,
				2A42391D2A9E388100CA6A3C /* SceneDelegate.swift in Sources */,
			);
			runOnlyForDeploymentPostprocessing = 0;
		};
		2A42392C2A9E388300CA6A3C /* Sources */ = {
			isa = PBXSourcesBuildPhase;
			buildActionMask = 2147483647;
			files = (
				2A4239352A9E388300CA6A3C /* getInfoNotesTests.swift in Sources */,
			);
			runOnlyForDeploymentPostprocessing = 0;
		};
		2A4239362A9E388300CA6A3C /* Sources */ = {
			isa = PBXSourcesBuildPhase;
			buildActionMask = 2147483647;
			files = (
				2A42393F2A9E388300CA6A3C /* getInfoNotesUITests.swift in Sources */,
				2A4239412A9E388300CA6A3C /* getInfoNotesUITestsLaunchTests.swift in Sources */,
			);
			runOnlyForDeploymentPostprocessing = 0;
		};
/* End PBXSourcesBuildPhase section */

/* Begin PBXTargetDependency section */
		2A4239322A9E388300CA6A3C /* PBXTargetDependency */ = {
			isa = PBXTargetDependency;
			target = 2A4239162A9E388100CA6A3C /* getInfoNotes */;
			targetProxy = 2A4239312A9E388300CA6A3C /* PBXContainerItemProxy */;
		};
		2A42393C2A9E388300CA6A3C /* PBXTargetDependency */ = {
			isa = PBXTargetDependency;
			target = 2A4239162A9E388100CA6A3C /* getInfoNotes */;
			targetProxy = 2A42393B2A9E388300CA6A3C /* PBXContainerItemProxy */;
		};
/* End PBXTargetDependency section */

/* Begin PBXVariantGroup section */
		2A4239202A9E388100CA6A3C /* Main.storyboard */ = {
			isa = PBXVariantGroup;
			children = (
				2A4239212A9E388100CA6A3C /* Base */,
			);
			name = Main.storyboard;
			sourceTree = "<group>";
		};
		2A4239282A9E388300CA6A3C /* LaunchScreen.storyboard */ = {
			isa = PBXVariantGroup;
			children = (
				2A4239292A9E388300CA6A3C /* Base */,
			);
			name = LaunchScreen.storyboard;
			sourceTree = "<group>";
		};
/* End PBXVariantGroup section */

/* Begin XCBuildConfiguration section */
		2A4239422A9E388300CA6A3C /* Debug */ = {
			isa = XCBuildConfiguration;
			buildSettings = {
				ALWAYS_SEARCH_USER_PATHS = NO;
				CLANG_ANALYZER_NONNULL = YES;
				CLANG_ANALYZER_NUMBER_OBJECT_CONVERSION = YES_AGGRESSIVE;
				CLANG_CXX_LANGUAGE_STANDARD = "gnu++20";
				CLANG_ENABLE_MODULES = YES;
				CLANG_ENABLE_OBJC_ARC = YES;
				CLANG_ENABLE_OBJC_WEAK = YES;
				CLANG_WARN_BLOCK_CAPTURE_AUTORELEASING = YES;
				CLANG_WARN_BOOL_CONVERSION = YES;
				CLANG_WARN_COMMA = YES;
				CLANG_WARN_CONSTANT_CONVERSION = YES;
				CLANG_WARN_DEPRECATED_OBJC_IMPLEMENTATIONS = YES;
				CLANG_WARN_DIRECT_OBJC_ISA_USAGE = YES_ERROR;
				CLANG_WARN_DOCUMENTATION_COMMENTS = YES;
				CLANG_WARN_EMPTY_BODY = YES;
				CLANG_WARN_ENUM_CONVERSION = YES;
				CLANG_WARN_INFINITE_RECURSION = YES;
				CLANG_WARN_INT_CONVERSION = YES;
				CLANG_WARN_NON_LITERAL_NULL_CONVERSION = YES;
				CLANG_WARN_OBJC_IMPLICIT_RETAIN_SELF = YES;
				CLANG_WARN_OBJC_LITERAL_CONVERSION = YES;
				CLANG_WARN_OBJC_ROOT_CLASS = YES_ERROR;
				CLANG_WARN_QUOTED_INCLUDE_IN_FRAMEWORK_HEADER = YES;
				CLANG_WARN_RANGE_LOOP_ANALYSIS = YES;
				CLANG_WARN_STRICT_PROTOTYPES = YES;
				CLANG_WARN_SUSPICIOUS_MOVE = YES;
				CLANG_WARN_UNGUARDED_AVAILABILITY = YES_AGGRESSIVE;
				CLANG_WARN_UNREACHABLE_CODE = YES;
				CLANG_WARN__DUPLICATE_METHOD_MATCH = YES;
				COPY_PHASE_STRIP = NO;
				DEBUG_INFORMATION_FORMAT = dwarf;
				ENABLE_STRICT_OBJC_MSGSEND = YES;
				ENABLE_TESTABILITY = YES;
				GCC_C_LANGUAGE_STANDARD = gnu11;
				GCC_DYNAMIC_NO_PIC = NO;
				GCC_NO_COMMON_BLOCKS = YES;
				GCC_OPTIMIZATION_LEVEL = 0;
				GCC_PREPROCESSOR_DEFINITIONS = (
					"DEBUG=1",
					"$(inherited)",
				);
				GCC_WARN_64_TO_32_BIT_CONVERSION = YES;
				GCC_WARN_ABOUT_RETURN_TYPE = YES_ERROR;
				GCC_WARN_UNDECLARED_SELECTOR = YES;
				GCC_WARN_UNINITIALIZED_AUTOS = YES_AGGRESSIVE;
				GCC_WARN_UNUSED_FUNCTION = YES;
				GCC_WARN_UNUSED_VARIABLE = YES;
				IPHONEOS_DEPLOYMENT_TARGET = 16.4;
				MTL_ENABLE_DEBUG_INFO = INCLUDE_SOURCE;
				MTL_FAST_MATH = YES;
				ONLY_ACTIVE_ARCH = YES;
				SDKROOT = iphoneos;
				SWIFT_ACTIVE_COMPILATION_CONDITIONS = DEBUG;
				SWIFT_OPTIMIZATION_LEVEL = "-Onone";
			};
			name = Debug;
		};
		2A4239432A9E388300CA6A3C /* Release */ = {
			isa = XCBuildConfiguration;
			buildSettings = {
				ALWAYS_SEARCH_USER_PATHS = NO;
				CLANG_ANALYZER_NONNULL = YES;
				CLANG_ANALYZER_NUMBER_OBJECT_CONVERSION = YES_AGGRESSIVE;
				CLANG_CXX_LANGUAGE_STANDARD = "gnu++20";
				CLANG_ENABLE_MODULES = YES;
				CLANG_ENABLE_OBJC_ARC = YES;
				CLANG_ENABLE_OBJC_WEAK = YES;
				CLANG_WARN_BLOCK_CAPTURE_AUTORELEASING = YES;
				CLANG_WARN_BOOL_CONVERSION = YES;
				CLANG_WARN_COMMA = YES;
				CLANG_WARN_CONSTANT_CONVERSION = YES;
				CLANG_WARN_DEPRECATED_OBJC_IMPLEMENTATIONS = YES;
				CLANG_WARN_DIRECT_OBJC_ISA_USAGE = YES_ERROR;
				CLANG_WARN_DOCUMENTATION_COMMENTS = YES;
				CLANG_WARN_EMPTY_BODY = YES;
				CLANG_WARN_ENUM_CONVERSION = YES;
				CLANG_WARN_INFINITE_RECURSION = YES;
				CLANG_WARN_INT_CONVERSION = YES;
				CLANG_WARN_NON_LITERAL_NULL_CONVERSION = YES;
				CLANG_WARN_OBJC_IMPLICIT_RETAIN_SELF = YES;
				CLANG_WARN_OBJC_LITERAL_CONVERSION = YES;
				CLANG_WARN_OBJC_ROOT_CLASS = YES_ERROR;
				CLANG_WARN_QUOTED_INCLUDE_IN_FRAMEWORK_HEADER = YES;
				CLANG_WARN_RANGE_LOOP_ANALYSIS = YES;
				CLANG_WARN_STRICT_PROTOTYPES = YES;
				CLANG_WARN_SUSPICIOUS_MOVE = YES;
				CLANG_WARN_UNGUARDED_AVAILABILITY = YES_AGGRESSIVE;
				CLANG_WARN_UNREACHABLE_CODE = YES;
				CLANG_WARN__DUPLICATE_METHOD_MATCH = YES;
				COPY_PHASE_STRIP = NO;
				DEBUG_INFORMATION_FORMAT = "dwarf-with-dsym";
				ENABLE_NS_ASSERTIONS = NO;
				ENABLE_STRICT_OBJC_MSGSEND = YES;
				GCC_C_LANGUAGE_STANDARD = gnu11;
				GCC_NO_COMMON_BLOCKS = YES;
				GCC_WARN_64_TO_32_BIT_CONVERSION = YES;
				GCC_WARN_ABOUT_RETURN_TYPE = YES_ERROR;
				GCC_WARN_UNDECLARED_SELECTOR = YES;
				GCC_WARN_UNINITIALIZED_AUTOS = YES_AGGRESSIVE;
				GCC_WARN_UNUSED_FUNCTION = YES;
				GCC_WARN_UNUSED_VARIABLE = YES;
				IPHONEOS_DEPLOYMENT_TARGET = 16.4;
				MTL_ENABLE_DEBUG_INFO = NO;
				MTL_FAST_MATH = YES;
				SDKROOT = iphoneos;
				SWIFT_COMPILATION_MODE = wholemodule;
				SWIFT_OPTIMIZATION_LEVEL = "-O";
				VALIDATE_PRODUCT = YES;
			};
			name = Release;
		};
		2A4239452A9E388300CA6A3C /* Debug */ = {
			isa = XCBuildConfiguration;
			buildSettings = {
				ASSETCATALOG_COMPILER_APPICON_NAME = AppIcon;
				ASSETCATALOG_COMPILER_GLOBAL_ACCENT_COLOR_NAME = AccentColor;
				CODE_SIGN_STYLE = Automatic;
				CURRENT_PROJECT_VERSION = 1;
				GENERATE_INFOPLIST_FILE = YES;
				INFOPLIST_FILE = getInfoNotes/Info.plist;
				INFOPLIST_KEY_UIApplicationSupportsIndirectInputEvents = YES;
				INFOPLIST_KEY_UILaunchStoryboardName = LaunchScreen;
				INFOPLIST_KEY_UIMainStoryboardFile = Main;
				INFOPLIST_KEY_UISupportedInterfaceOrientations_iPad = "UIInterfaceOrientationPortrait UIInterfaceOrientationPortraitUpsideDown UIInterfaceOrientationLandscapeLeft UIInterfaceOrientationLandscapeRight";
				INFOPLIST_KEY_UISupportedInterfaceOrientations_iPhone = "UIInterfaceOrientationPortrait UIInterfaceOrientationLandscapeLeft UIInterfaceOrientationLandscapeRight";
				LD_RUNPATH_SEARCH_PATHS = (
					"$(inherited)",
					"@executable_path/Frameworks",
				);
				MARKETING_VERSION = 1.0;
				PRODUCT_BUNDLE_IDENTIFIER = clc.getInfoNotes;
				PRODUCT_NAME = "$(TARGET_NAME)";
				SWIFT_EMIT_LOC_STRINGS = YES;
				SWIFT_VERSION = 5.0;
				TARGETED_DEVICE_FAMILY = "1,2";
			};
			name = Debug;
		};
		2A4239462A9E388300CA6A3C /* Release */ = {
			isa = XCBuildConfiguration;
			buildSettings = {
				ASSETCATALOG_COMPILER_APPICON_NAME = AppIcon;
				ASSETCATALOG_COMPILER_GLOBAL_ACCENT_COLOR_NAME = AccentColor;
				CODE_SIGN_STYLE = Automatic;
				CURRENT_PROJECT_VERSION = 1;
				GENERATE_INFOPLIST_FILE = YES;
				INFOPLIST_FILE = getInfoNotes/Info.plist;
				INFOPLIST_KEY_UIApplicationSupportsIndirectInputEvents = YES;
				INFOPLIST_KEY_UILaunchStoryboardName = LaunchScreen;
				INFOPLIST_KEY_UIMainStoryboardFile = Main;
				INFOPLIST_KEY_UISupportedInterfaceOrientations_iPad = "UIInterfaceOrientationPortrait UIInterfaceOrientationPortraitUpsideDown UIInterfaceOrientationLandscapeLeft UIInterfaceOrientationLandscapeRight";
				INFOPLIST_KEY_UISupportedInterfaceOrientations_iPhone = "UIInterfaceOrientationPortrait UIInterfaceOrientationLandscapeLeft UIInterfaceOrientationLandscapeRight";
				LD_RUNPATH_SEARCH_PATHS = (
					"$(inherited)",
					"@executable_path/Frameworks",
				);
				MARKETING_VERSION = 1.0;
				PRODUCT_BUNDLE_IDENTIFIER = clc.getInfoNotes;
				PRODUCT_NAME = "$(TARGET_NAME)";
				SWIFT_EMIT_LOC_STRINGS = YES;
				SWIFT_VERSION = 5.0;
				TARGETED_DEVICE_FAMILY = "1,2";
			};
			name = Release;
		};
		2A4239482A9E388300CA6A3C /* Debug */ = {
			isa = XCBuildConfiguration;
			buildSettings = {
				ALWAYS_EMBED_SWIFT_STANDARD_LIBRARIES = YES;
				BUNDLE_LOADER = "$(TEST_HOST)";
				CODE_SIGN_STYLE = Automatic;
				CURRENT_PROJECT_VERSION = 1;
				GENERATE_INFOPLIST_FILE = YES;
				IPHONEOS_DEPLOYMENT_TARGET = 16.4;
				MARKETING_VERSION = 1.0;
				PRODUCT_BUNDLE_IDENTIFIER = clc.getInfoNotesTests;
				PRODUCT_NAME = "$(TARGET_NAME)";
				SWIFT_EMIT_LOC_STRINGS = NO;
				SWIFT_VERSION = 5.0;
				TARGETED_DEVICE_FAMILY = "1,2";
				TEST_HOST = "$(BUILT_PRODUCTS_DIR)/getInfoNotes.app/$(BUNDLE_EXECUTABLE_FOLDER_PATH)/getInfoNotes";
			};
			name = Debug;
		};
		2A4239492A9E388300CA6A3C /* Release */ = {
			isa = XCBuildConfiguration;
			buildSettings = {
				ALWAYS_EMBED_SWIFT_STANDARD_LIBRARIES = YES;
				BUNDLE_LOADER = "$(TEST_HOST)";
				CODE_SIGN_STYLE = Automatic;
				CURRENT_PROJECT_VERSION = 1;
				GENERATE_INFOPLIST_FILE = YES;
				IPHONEOS_DEPLOYMENT_TARGET = 16.4;
				MARKETING_VERSION = 1.0;
				PRODUCT_BUNDLE_IDENTIFIER = clc.getInfoNotesTests;
				PRODUCT_NAME = "$(TARGET_NAME)";
				SWIFT_EMIT_LOC_STRINGS = NO;
				SWIFT_VERSION = 5.0;
				TARGETED_DEVICE_FAMILY = "1,2";
				TEST_HOST = "$(BUILT_PRODUCTS_DIR)/getInfoNotes.app/$(BUNDLE_EXECUTABLE_FOLDER_PATH)/getInfoNotes";
			};
			name = Release;
		};
		2A42394B2A9E388300CA6A3C /* Debug */ = {
			isa = XCBuildConfiguration;
			buildSettings = {
				ALWAYS_EMBED_SWIFT_STANDARD_LIBRARIES = YES;
				CODE_SIGN_STYLE = Automatic;
				CURRENT_PROJECT_VERSION = 1;
				GENERATE_INFOPLIST_FILE = YES;
				MARKETING_VERSION = 1.0;
				PRODUCT_BUNDLE_IDENTIFIER = clc.getInfoNotesUITests;
				PRODUCT_NAME = "$(TARGET_NAME)";
				SWIFT_EMIT_LOC_STRINGS = NO;
				SWIFT_VERSION = 5.0;
				TARGETED_DEVICE_FAMILY = "1,2";
				TEST_TARGET_NAME = getInfoNotes;
			};
			name = Debug;
		};
		2A42394C2A9E388300CA6A3C /* Release */ = {
			isa = XCBuildConfiguration;
			buildSettings = {
				ALWAYS_EMBED_SWIFT_STANDARD_LIBRARIES = YES;
				CODE_SIGN_STYLE = Automatic;
				CURRENT_PROJECT_VERSION = 1;
				GENERATE_INFOPLIST_FILE = YES;
				MARKETING_VERSION = 1.0;
				PRODUCT_BUNDLE_IDENTIFIER = clc.getInfoNotesUITests;
				PRODUCT_NAME = "$(TARGET_NAME)";
				SWIFT_EMIT_LOC_STRINGS = NO;
				SWIFT_VERSION = 5.0;
				TARGETED_DEVICE_FAMILY = "1,2";
				TEST_TARGET_NAME = getInfoNotes;
			};
			name = Release;
		};
/* End XCBuildConfiguration section */

/* Begin XCConfigurationList section */
		2A4239122A9E388100CA6A3C /* Build configuration list for PBXProject "getInfoNotes" */ = {
			isa = XCConfigurationList;
			buildConfigurations = (
				2A4239422A9E388300CA6A3C /* Debug */,
				2A4239432A9E388300CA6A3C /* Release */,
			);
			defaultConfigurationIsVisible = 0;
			defaultConfigurationName = Release;
		};
		2A4239442A9E388300CA6A3C /* Build configuration list for PBXNativeTarget "getInfoNotes" */ = {
			isa = XCConfigurationList;
			buildConfigurations = (
				2A4239452A9E388300CA6A3C /* Debug */,
				2A4239462A9E388300CA6A3C /* Release */,
			);
			defaultConfigurationIsVisible = 0;
			defaultConfigurationName = Release;
		};
		2A4239472A9E388300CA6A3C /* Build configuration list for PBXNativeTarget "getInfoNotesTests" */ = {
			isa = XCConfigurationList;
			buildConfigurations = (
				2A4239482A9E388300CA6A3C /* Debug */,
				2A4239492A9E388300CA6A3C /* Release */,
			);
			defaultConfigurationIsVisible = 0;
			defaultConfigurationName = Release;
		};
		2A42394A2A9E388300CA6A3C /* Build configuration list for PBXNativeTarget "getInfoNotesUITests" */ = {
			isa = XCConfigurationList;
			buildConfigurations = (
				2A42394B2A9E388300CA6A3C /* Debug */,
				2A42394C2A9E388300CA6A3C /* Release */,
			);
			defaultConfigurationIsVisible = 0;
			defaultConfigurationName = Release;
		};
/* End XCConfigurationList section */

/* Begin XCVersionGroup section */
		2A4239232A9E388100CA6A3C /* getInfoNotes.xcdatamodeld */ = {
			isa = XCVersionGroup;
			children = (
				2A4239242A9E388100CA6A3C /* getInfoNotes.xcdatamodel */,
			);
			currentVersion = 2A4239242A9E388100CA6A3C /* getInfoNotes.xcdatamodel */;
			path = getInfoNotes.xcdatamodeld;
			sourceTree = "<group>";
			versionGroupType = wrapper.xcdatamodel;
		};
/* End XCVersionGroup section */
	};
	rootObject = 2A42390F2A9E388100CA6A3C /* Project object */;
}
